// !$*UTF8*$!
{
	archiveVersion = 1;
	classes = {
	};
	objectVersion = 46;
	objects = {

/* Begin PBXBuildFile section */
		202913131ACF226F007C56E7 /* Compass.swift in Sources */ = {isa = PBXBuildFile; fileRef = 202913121ACF226F007C56E7 /* Compass.swift */; };
		202913181ACFB76D007C56E7 /* Config.swift in Sources */ = {isa = PBXBuildFile; fileRef = 202913171ACFB76D007C56E7 /* Config.swift */; };
		2029131A1ACFB854007C56E7 /* Config.plist in Resources */ = {isa = PBXBuildFile; fileRef = 202913191ACFB854007C56E7 /* Config.plist */; };
		2029131C1AD0B618007C56E7 /* Packet.swift in Sources */ = {isa = PBXBuildFile; fileRef = 2029131B1AD0B618007C56E7 /* Packet.swift */; };
		2047865B1ABFA66700E98FAE /* Delay.swift in Sources */ = {isa = PBXBuildFile; fileRef = 2047865A1ABFA66700E98FAE /* Delay.swift */; };
		20563E741AB92E8E00784939 /* AppDelegate.swift in Sources */ = {isa = PBXBuildFile; fileRef = 20563E731AB92E8E00784939 /* AppDelegate.swift */; };
		20563E761AB92E8E00784939 /* ViewController.swift in Sources */ = {isa = PBXBuildFile; fileRef = 20563E751AB92E8E00784939 /* ViewController.swift */; };
		20563E781AB92E8E00784939 /* Images.xcassets in Resources */ = {isa = PBXBuildFile; fileRef = 20563E771AB92E8E00784939 /* Images.xcassets */; };
		20563E7B1AB92E8E00784939 /* Main.storyboard in Resources */ = {isa = PBXBuildFile; fileRef = 20563E791AB92E8E00784939 /* Main.storyboard */; };
		20B03DCA1AC7FE210096BD44 /* Comm.swift in Sources */ = {isa = PBXBuildFile; fileRef = 20B03DC91AC7FE210096BD44 /* Comm.swift */; };
		20B8F9481AC647C7001FC4F9 /* RangefinderData.swift in Sources */ = {isa = PBXBuildFile; fileRef = 20B8F9471AC647C7001FC4F9 /* RangefinderData.swift */; };
		20B8F94A1AC6FE43001FC4F9 /* Drone.swift in Sources */ = {isa = PBXBuildFile; fileRef = 20B8F9491AC6FE43001FC4F9 /* Drone.swift */; };
		20B8F94C1AC7039B001FC4F9 /* VectorMath.swift in Sources */ = {isa = PBXBuildFile; fileRef = 20B8F94B1AC7039B001FC4F9 /* VectorMath.swift */; };
		20B8F9501AC70B4B001FC4F9 /* SpriteKit.framework in Frameworks */ = {isa = PBXBuildFile; fileRef = 20B8F94F1AC70B4B001FC4F9 /* SpriteKit.framework */; };
		20B8F9521AC70C17001FC4F9 /* MapScene.sks in Resources */ = {isa = PBXBuildFile; fileRef = 20B8F9511AC70C17001FC4F9 /* MapScene.sks */; };
		20B8F9541AC70D04001FC4F9 /* MapScene.swift in Sources */ = {isa = PBXBuildFile; fileRef = 20B8F9531AC70D04001FC4F9 /* MapScene.swift */; };
		20B8F9561AC7180C001FC4F9 /* SKSceneExtension.swift in Sources */ = {isa = PBXBuildFile; fileRef = 20B8F9551AC7180C001FC4F9 /* SKSceneExtension.swift */; };
		20B8F9581AC71915001FC4F9 /* NSColorExtension.swift in Sources */ = {isa = PBXBuildFile; fileRef = 20B8F9571AC71915001FC4F9 /* NSColorExtension.swift */; };
		20F7EF701ABE37E70002CA84 /* ORSSerialPort.m in Sources */ = {isa = PBXBuildFile; fileRef = 20F7EF6D1ABE37E70002CA84 /* ORSSerialPort.m */; };
		20F7EF711ABE37E70002CA84 /* ORSSerialPortManager.m in Sources */ = {isa = PBXBuildFile; fileRef = 20F7EF6F1ABE37E70002CA84 /* ORSSerialPortManager.m */; };
		20F7EF761ABE43D00002CA84 /* ORSSerialRequest.m in Sources */ = {isa = PBXBuildFile; fileRef = 20F7EF751ABE43D00002CA84 /* ORSSerialRequest.m */; };
		20F7EF781ABE889B0002CA84 /* ConnectionSettingsController.swift in Sources */ = {isa = PBXBuildFile; fileRef = 20F7EF771ABE889B0002CA84 /* ConnectionSettingsController.swift */; };
/* End PBXBuildFile section */

/* Begin PBXFileReference section */
		202913121ACF226F007C56E7 /* Compass.swift */ = {isa = PBXFileReference; fileEncoding = 4; lastKnownFileType = sourcecode.swift; path = Compass.swift; sourceTree = "<group>"; };
		202913171ACFB76D007C56E7 /* Config.swift */ = {isa = PBXFileReference; fileEncoding = 4; lastKnownFileType = sourcecode.swift; path = Config.swift; sourceTree = "<group>"; };
		202913191ACFB854007C56E7 /* Config.plist */ = {isa = PBXFileReference; fileEncoding = 4; lastKnownFileType = text.plist.xml; path = Config.plist; sourceTree = "<group>"; };
		2029131B1AD0B618007C56E7 /* Packet.swift */ = {isa = PBXFileReference; fileEncoding = 4; lastKnownFileType = sourcecode.swift; path = Packet.swift; sourceTree = "<group>"; };
		2047865A1ABFA66700E98FAE /* Delay.swift */ = {isa = PBXFileReference; fileEncoding = 4; lastKnownFileType = sourcecode.swift; path = Delay.swift; sourceTree = "<group>"; };
		20563E6E1AB92E8D00784939 /* SADServer.app */ = {isa = PBXFileReference; explicitFileType = wrapper.application; includeInIndex = 0; path = SADServer.app; sourceTree = BUILT_PRODUCTS_DIR; };
		20563E721AB92E8E00784939 /* Info.plist */ = {isa = PBXFileReference; lastKnownFileType = text.plist.xml; path = Info.plist; sourceTree = "<group>"; };
		20563E731AB92E8E00784939 /* AppDelegate.swift */ = {isa = PBXFileReference; lastKnownFileType = sourcecode.swift; path = AppDelegate.swift; sourceTree = "<group>"; };
		20563E751AB92E8E00784939 /* ViewController.swift */ = {isa = PBXFileReference; lastKnownFileType = sourcecode.swift; path = ViewController.swift; sourceTree = "<group>"; };
		20563E771AB92E8E00784939 /* Images.xcassets */ = {isa = PBXFileReference; lastKnownFileType = folder.assetcatalog; path = Images.xcassets; sourceTree = "<group>"; };
		20563E7A1AB92E8E00784939 /* Base */ = {isa = PBXFileReference; lastKnownFileType = file.storyboard; name = Base; path = Base.lproj/Main.storyboard; sourceTree = "<group>"; };
		20B03DC71AC730080096BD44 /* README.md */ = {isa = PBXFileReference; fileEncoding = 4; lastKnownFileType = net.daringfireball.markdown; name = README.md; path = ../README.md; sourceTree = "<group>"; };
		20B03DC91AC7FE210096BD44 /* Comm.swift */ = {isa = PBXFileReference; fileEncoding = 4; lastKnownFileType = sourcecode.swift; path = Comm.swift; sourceTree = "<group>"; };
		20B8F9471AC647C7001FC4F9 /* RangefinderData.swift */ = {isa = PBXFileReference; fileEncoding = 4; lastKnownFileType = sourcecode.swift; path = RangefinderData.swift; sourceTree = "<group>"; };
		20B8F9491AC6FE43001FC4F9 /* Drone.swift */ = {isa = PBXFileReference; fileEncoding = 4; lastKnownFileType = sourcecode.swift; path = Drone.swift; sourceTree = "<group>"; };
		20B8F94B1AC7039B001FC4F9 /* VectorMath.swift */ = {isa = PBXFileReference; fileEncoding = 4; lastKnownFileType = sourcecode.swift; path = VectorMath.swift; sourceTree = "<group>"; };
		20B8F94F1AC70B4B001FC4F9 /* SpriteKit.framework */ = {isa = PBXFileReference; lastKnownFileType = wrapper.framework; name = SpriteKit.framework; path = System/Library/Frameworks/SpriteKit.framework; sourceTree = SDKROOT; };
		20B8F9511AC70C17001FC4F9 /* MapScene.sks */ = {isa = PBXFileReference; lastKnownFileType = file.sks; path = MapScene.sks; sourceTree = "<group>"; };
		20B8F9531AC70D04001FC4F9 /* MapScene.swift */ = {isa = PBXFileReference; fileEncoding = 4; lastKnownFileType = sourcecode.swift; path = MapScene.swift; sourceTree = "<group>"; };
		20B8F9551AC7180C001FC4F9 /* SKSceneExtension.swift */ = {isa = PBXFileReference; fileEncoding = 4; lastKnownFileType = sourcecode.swift; path = SKSceneExtension.swift; sourceTree = "<group>"; };
		20B8F9571AC71915001FC4F9 /* NSColorExtension.swift */ = {isa = PBXFileReference; fileEncoding = 4; lastKnownFileType = sourcecode.swift; path = NSColorExtension.swift; sourceTree = "<group>"; };
		20F7EF6B1ABE37E60002CA84 /* SADServer-Bridging-Header.h */ = {isa = PBXFileReference; lastKnownFileType = sourcecode.c.h; path = "SADServer-Bridging-Header.h"; sourceTree = "<group>"; };
		20F7EF6C1ABE37E70002CA84 /* ORSSerialPort.h */ = {isa = PBXFileReference; fileEncoding = 4; lastKnownFileType = sourcecode.c.h; path = ORSSerialPort.h; sourceTree = "<group>"; };
		20F7EF6D1ABE37E70002CA84 /* ORSSerialPort.m */ = {isa = PBXFileReference; fileEncoding = 4; lastKnownFileType = sourcecode.c.objc; path = ORSSerialPort.m; sourceTree = "<group>"; };
		20F7EF6E1ABE37E70002CA84 /* ORSSerialPortManager.h */ = {isa = PBXFileReference; fileEncoding = 4; lastKnownFileType = sourcecode.c.h; path = ORSSerialPortManager.h; sourceTree = "<group>"; };
		20F7EF6F1ABE37E70002CA84 /* ORSSerialPortManager.m */ = {isa = PBXFileReference; fileEncoding = 4; lastKnownFileType = sourcecode.c.objc; path = ORSSerialPortManager.m; sourceTree = "<group>"; };
		20F7EF731ABE39C50002CA84 /* ORSSerialRequest.h */ = {isa = PBXFileReference; fileEncoding = 4; lastKnownFileType = sourcecode.c.h; path = ORSSerialRequest.h; sourceTree = "<group>"; };
		20F7EF751ABE43D00002CA84 /* ORSSerialRequest.m */ = {isa = PBXFileReference; fileEncoding = 4; lastKnownFileType = sourcecode.c.objc; path = ORSSerialRequest.m; sourceTree = "<group>"; };
		20F7EF771ABE889B0002CA84 /* ConnectionSettingsController.swift */ = {isa = PBXFileReference; fileEncoding = 4; lastKnownFileType = sourcecode.swift; path = ConnectionSettingsController.swift; sourceTree = "<group>"; };
		20F7EF791ABEB2E80002CA84 /* TODO.md */ = {isa = PBXFileReference; fileEncoding = 4; lastKnownFileType = net.daringfireball.markdown; path = TODO.md; sourceTree = "<group>"; };
/* End PBXFileReference section */

/* Begin PBXFrameworksBuildPhase section */
		20563E6B1AB92E8D00784939 /* Frameworks */ = {
			isa = PBXFrameworksBuildPhase;
			buildActionMask = 2147483647;
			files = (
				20B8F9501AC70B4B001FC4F9 /* SpriteKit.framework in Frameworks */,
			);
			runOnlyForDeploymentPostprocessing = 0;
		};
/* End PBXFrameworksBuildPhase section */

/* Begin PBXGroup section */
		202913141ACF264D007C56E7 /* Miscellaneous */ = {
			isa = PBXGroup;
			children = (
				2047865A1ABFA66700E98FAE /* Delay.swift */,
				20B8F94B1AC7039B001FC4F9 /* VectorMath.swift */,
				20B8F9551AC7180C001FC4F9 /* SKSceneExtension.swift */,
				20B8F9571AC71915001FC4F9 /* NSColorExtension.swift */,
			);
			name = Miscellaneous;
			sourceTree = "<group>";
		};
		202913151ACF26ED007C56E7 /* Models */ = {
			isa = PBXGroup;
			children = (
				20B03DC91AC7FE210096BD44 /* Comm.swift */,
				2029131B1AD0B618007C56E7 /* Packet.swift */,
				20B8F9491AC6FE43001FC4F9 /* Drone.swift */,
				202913121ACF226F007C56E7 /* Compass.swift */,
				20B8F9471AC647C7001FC4F9 /* RangefinderData.swift */,
			);
			name = Models;
			sourceTree = "<group>";
		};
		202913161ACF26F9007C56E7 /* Controllers */ = {
			isa = PBXGroup;
			children = (
				20563E751AB92E8E00784939 /* ViewController.swift */,
				20F7EF771ABE889B0002CA84 /* ConnectionSettingsController.swift */,
			);
			name = Controllers;
			sourceTree = "<group>";
		};
		20563E651AB92E8D00784939 = {
			isa = PBXGroup;
			children = (
				20F7EF791ABEB2E80002CA84 /* TODO.md */,
				20B03DC71AC730080096BD44 /* README.md */,
				20563E701AB92E8D00784939 /* SADServer */,
				20563E6F1AB92E8D00784939 /* Products */,
			);
			sourceTree = "<group>";
		};
		20563E6F1AB92E8D00784939 /* Products */ = {
			isa = PBXGroup;
			children = (
				20563E6E1AB92E8D00784939 /* SADServer.app */,
			);
			name = Products;
			sourceTree = "<group>";
		};
		20563E701AB92E8D00784939 /* SADServer */ = {
			isa = PBXGroup;
			children = (
				20563E731AB92E8E00784939 /* AppDelegate.swift */,
				202913161ACF26F9007C56E7 /* Controllers */,
				202913151ACF26ED007C56E7 /* Models */,
				20B8F9591AC71B51001FC4F9 /* MapScene */,
				202913141ACF264D007C56E7 /* Miscellaneous */,
				20F7EF741ABE3A020002CA84 /* Resources */,
			);
			path = SADServer;
			sourceTree = "<group>";
		};
		20B8F9591AC71B51001FC4F9 /* MapScene */ = {
			isa = PBXGroup;
			children = (
				20B8F9531AC70D04001FC4F9 /* MapScene.swift */,
				20B8F9511AC70C17001FC4F9 /* MapScene.sks */,
			);
			name = MapScene;
			sourceTree = "<group>";
		};
		20F7EF721ABE37F90002CA84 /* ORSSerialPort */ = {
			isa = PBXGroup;
			children = (
				20F7EF6C1ABE37E70002CA84 /* ORSSerialPort.h */,
				20F7EF6D1ABE37E70002CA84 /* ORSSerialPort.m */,
				20F7EF731ABE39C50002CA84 /* ORSSerialRequest.h */,
				20F7EF751ABE43D00002CA84 /* ORSSerialRequest.m */,
				20F7EF6E1ABE37E70002CA84 /* ORSSerialPortManager.h */,
				20F7EF6F1ABE37E70002CA84 /* ORSSerialPortManager.m */,
			);
			name = ORSSerialPort;
			sourceTree = "<group>";
		};
		20F7EF741ABE3A020002CA84 /* Resources */ = {
			isa = PBXGroup;
			children = (
				20563E791AB92E8E00784939 /* Main.storyboard */,
				202913171ACFB76D007C56E7 /* Config.swift */,
				202913191ACFB854007C56E7 /* Config.plist */,
				20563E771AB92E8E00784939 /* Images.xcassets */,
				20563E721AB92E8E00784939 /* Info.plist */,
				20F7EF6B1ABE37E60002CA84 /* SADServer-Bridging-Header.h */,
				20F7EF721ABE37F90002CA84 /* ORSSerialPort */,
				20B8F94F1AC70B4B001FC4F9 /* SpriteKit.framework */,
			);
			name = Resources;
			sourceTree = "<group>";
		};
/* End PBXGroup section */

/* Begin PBXNativeTarget section */
		20563E6D1AB92E8D00784939 /* SADServer */ = {
			isa = PBXNativeTarget;
			buildConfigurationList = 20563E8A1AB92E8E00784939 /* Build configuration list for PBXNativeTarget "SADServer" */;
			buildPhases = (
				20563E6A1AB92E8D00784939 /* Sources */,
				20563E6B1AB92E8D00784939 /* Frameworks */,
				20563E6C1AB92E8D00784939 /* Resources */,
			);
			buildRules = (
			);
			dependencies = (
			);
			name = SADServer;
			productName = SADServer;
			productReference = 20563E6E1AB92E8D00784939 /* SADServer.app */;
			productType = "com.apple.product-type.application";
		};
/* End PBXNativeTarget section */

/* Begin PBXProject section */
		20563E661AB92E8D00784939 /* Project object */ = {
			isa = PBXProject;
			attributes = {
				LastUpgradeCheck = 0620;
				ORGANIZATIONNAME = "Richard Marquez";
				TargetAttributes = {
					20563E6D1AB92E8D00784939 = {
						CreatedOnToolsVersion = 6.2;
					};
				};
			};
			buildConfigurationList = 20563E691AB92E8D00784939 /* Build configuration list for PBXProject "SAD Server" */;
			compatibilityVersion = "Xcode 3.2";
			developmentRegion = English;
			hasScannedForEncodings = 0;
			knownRegions = (
				en,
				Base,
			);
			mainGroup = 20563E651AB92E8D00784939;
			productRefGroup = 20563E6F1AB92E8D00784939 /* Products */;
			projectDirPath = "";
			projectRoot = "";
			targets = (
				20563E6D1AB92E8D00784939 /* SADServer */,
			);
		};
/* End PBXProject section */

/* Begin PBXResourcesBuildPhase section */
		20563E6C1AB92E8D00784939 /* Resources */ = {
			isa = PBXResourcesBuildPhase;
			buildActionMask = 2147483647;
			files = (
				2029131A1ACFB854007C56E7 /* Config.plist in Resources */,
				20563E781AB92E8E00784939 /* Images.xcassets in Resources */,
				20563E7B1AB92E8E00784939 /* Main.storyboard in Resources */,
				20B8F9521AC70C17001FC4F9 /* MapScene.sks in Resources */,
			);
			runOnlyForDeploymentPostprocessing = 0;
		};
/* End PBXResourcesBuildPhase section */

/* Begin PBXSourcesBuildPhase section */
		20563E6A1AB92E8D00784939 /* Sources */ = {
			isa = PBXSourcesBuildPhase;
			buildActionMask = 2147483647;
			files = (
				20F7EF701ABE37E70002CA84 /* ORSSerialPort.m in Sources */,
				20F7EF711ABE37E70002CA84 /* ORSSerialPortManager.m in Sources */,
				20563E761AB92E8E00784939 /* ViewController.swift in Sources */,
				20563E741AB92E8E00784939 /* AppDelegate.swift in Sources */,
				2047865B1ABFA66700E98FAE /* Delay.swift in Sources */,
				202913131ACF226F007C56E7 /* Compass.swift in Sources */,
				20B03DCA1AC7FE210096BD44 /* Comm.swift in Sources */,
				20F7EF781ABE889B0002CA84 /* ConnectionSettingsController.swift in Sources */,
				20B8F9581AC71915001FC4F9 /* NSColorExtension.swift in Sources */,
				20B8F94A1AC6FE43001FC4F9 /* Drone.swift in Sources */,
				20B8F94C1AC7039B001FC4F9 /* VectorMath.swift in Sources */,
				2029131C1AD0B618007C56E7 /* Packet.swift in Sources */,
				20B8F9541AC70D04001FC4F9 /* MapScene.swift in Sources */,
				20F7EF761ABE43D00002CA84 /* ORSSerialRequest.m in Sources */,
				202913181ACFB76D007C56E7 /* Config.swift in Sources */,
				20B8F9561AC7180C001FC4F9 /* SKSceneExtension.swift in Sources */,
				20B8F9481AC647C7001FC4F9 /* RangefinderData.swift in Sources */,
			);
			runOnlyForDeploymentPostprocessing = 0;
		};
/* End PBXSourcesBuildPhase section */

/* Begin PBXVariantGroup section */
		20563E791AB92E8E00784939 /* Main.storyboard */ = {
			isa = PBXVariantGroup;
			children = (
				20563E7A1AB92E8E00784939 /* Base */,
			);
			name = Main.storyboard;
			sourceTree = "<group>";
		};
/* End PBXVariantGroup section */

/* Begin XCBuildConfiguration section */
		20563E881AB92E8E00784939 /* Debug */ = {
			isa = XCBuildConfiguration;
			buildSettings = {
				ALWAYS_SEARCH_USER_PATHS = NO;
				CLANG_CXX_LANGUAGE_STANDARD = "gnu++0x";
				CLANG_CXX_LIBRARY = "libc++";
				CLANG_ENABLE_MODULES = YES;
				CLANG_ENABLE_OBJC_ARC = YES;
				CLANG_WARN_BOOL_CONVERSION = YES;
				CLANG_WARN_CONSTANT_CONVERSION = YES;
				CLANG_WARN_DIRECT_OBJC_ISA_USAGE = YES_ERROR;
				CLANG_WARN_EMPTY_BODY = YES;
				CLANG_WARN_ENUM_CONVERSION = YES;
				CLANG_WARN_INT_CONVERSION = YES;
				CLANG_WARN_OBJC_ROOT_CLASS = YES_ERROR;
				CLANG_WARN_UNREACHABLE_CODE = YES;
				CLANG_WARN__DUPLICATE_METHOD_MATCH = YES;
				CODE_SIGN_IDENTITY = "-";
				COPY_PHASE_STRIP = NO;
				ENABLE_STRICT_OBJC_MSGSEND = YES;
				GCC_C_LANGUAGE_STANDARD = gnu99;
				GCC_DYNAMIC_NO_PIC = NO;
				GCC_OPTIMIZATION_LEVEL = 0;
				GCC_PREPROCESSOR_DEFINITIONS = (
					"DEBUG=1",
					"$(inherited)",
				);
				GCC_SYMBOLS_PRIVATE_EXTERN = NO;
				GCC_WARN_64_TO_32_BIT_CONVERSION = YES;
				GCC_WARN_ABOUT_RETURN_TYPE = YES_ERROR;
				GCC_WARN_UNDECLARED_SELECTOR = YES;
				GCC_WARN_UNINITIALIZED_AUTOS = YES_AGGRESSIVE;
				GCC_WARN_UNUSED_FUNCTION = YES;
				GCC_WARN_UNUSED_VARIABLE = YES;
				MACOSX_DEPLOYMENT_TARGET = 10.10;
				MTL_ENABLE_DEBUG_INFO = YES;
				ONLY_ACTIVE_ARCH = YES;
				SDKROOT = macosx;
				SWIFT_OPTIMIZATION_LEVEL = "-Onone";
			};
			name = Debug;
		};
		20563E891AB92E8E00784939 /* Release */ = {
			isa = XCBuildConfiguration;
			buildSettings = {
				ALWAYS_SEARCH_USER_PATHS = NO;
				CLANG_CXX_LANGUAGE_STANDARD = "gnu++0x";
				CLANG_CXX_LIBRARY = "libc++";
				CLANG_ENABLE_MODULES = YES;
				CLANG_ENABLE_OBJC_ARC = YES;
				CLANG_WARN_BOOL_CONVERSION = YES;
				CLANG_WARN_CONSTANT_CONVERSION = YES;
				CLANG_WARN_DIRECT_OBJC_ISA_USAGE = YES_ERROR;
				CLANG_WARN_EMPTY_BODY = YES;
				CLANG_WARN_ENUM_CONVERSION = YES;
				CLANG_WARN_INT_CONVERSION = YES;
				CLANG_WARN_OBJC_ROOT_CLASS = YES_ERROR;
				CLANG_WARN_UNREACHABLE_CODE = YES;
				CLANG_WARN__DUPLICATE_METHOD_MATCH = YES;
				CODE_SIGN_IDENTITY = "-";
				COPY_PHASE_STRIP = NO;
				DEBUG_INFORMATION_FORMAT = "dwarf-with-dsym";
				ENABLE_NS_ASSERTIONS = NO;
				ENABLE_STRICT_OBJC_MSGSEND = YES;
				GCC_C_LANGUAGE_STANDARD = gnu99;
				GCC_WARN_64_TO_32_BIT_CONVERSION = YES;
				GCC_WARN_ABOUT_RETURN_TYPE = YES_ERROR;
				GCC_WARN_UNDECLARED_SELECTOR = YES;
				GCC_WARN_UNINITIALIZED_AUTOS = YES_AGGRESSIVE;
				GCC_WARN_UNUSED_FUNCTION = YES;
				GCC_WARN_UNUSED_VARIABLE = YES;
				MACOSX_DEPLOYMENT_TARGET = 10.10;
				MTL_ENABLE_DEBUG_INFO = NO;
				SDKROOT = macosx;
			};
			name = Release;
		};
		20563E8B1AB92E8E00784939 /* Debug */ = {
			isa = XCBuildConfiguration;
			buildSettings = {
				ASSETCATALOG_COMPILER_APPICON_NAME = AppIcon;
				CLANG_ENABLE_MODULES = YES;
				COMBINE_HIDPI_IMAGES = YES;
				INFOPLIST_FILE = SADServer/Info.plist;
				LD_RUNPATH_SEARCH_PATHS = "$(inherited) @executable_path/../Frameworks";
				PRODUCT_NAME = "$(TARGET_NAME)";
				SWIFT_OBJC_BRIDGING_HEADER = "SADServer/SADServer-Bridging-Header.h";
				SWIFT_OPTIMIZATION_LEVEL = "-Onone";
			};
			name = Debug;
		};
		20563E8C1AB92E8E00784939 /* Release */ = {
			isa = XCBuildConfiguration;
			buildSettings = {
				ASSETCATALOG_COMPILER_APPICON_NAME = AppIcon;
				CLANG_ENABLE_MODULES = YES;
				COMBINE_HIDPI_IMAGES = YES;
				INFOPLIST_FILE = SADServer/Info.plist;
				LD_RUNPATH_SEARCH_PATHS = "$(inherited) @executable_path/../Frameworks";
				PRODUCT_NAME = "$(TARGET_NAME)";
				SWIFT_OBJC_BRIDGING_HEADER = "SADServer/SADServer-Bridging-Header.h";
			};
			name = Release;
		};
/* End XCBuildConfiguration section */

/* Begin XCConfigurationList section */
		20563E691AB92E8D00784939 /* Build configuration list for PBXProject "SAD Server" */ = {
			isa = XCConfigurationList;
			buildConfigurations = (
				20563E881AB92E8E00784939 /* Debug */,
				20563E891AB92E8E00784939 /* Release */,
			);
			defaultConfigurationIsVisible = 0;
			defaultConfigurationName = Release;
		};
		20563E8A1AB92E8E00784939 /* Build configuration list for PBXNativeTarget "SADServer" */ = {
			isa = XCConfigurationList;
			buildConfigurations = (
				20563E8B1AB92E8E00784939 /* Debug */,
				20563E8C1AB92E8E00784939 /* Release */,
			);
			defaultConfigurationIsVisible = 0;
			defaultConfigurationName = Release;
		};
/* End XCConfigurationList section */
	};
	rootObject = 20563E661AB92E8D00784939 /* Project object */;
}
